// !$*UTF8*$!
{
	archiveVersion = 1;
	classes = {
	};
	objectVersion = 50;
	objects = {

/* Begin PBXBuildFile section */
		075F8DB320D1351A0031D2EF /* AppDelegate.swift in Sources */ = {isa = PBXBuildFile; fileRef = 075F8DB220D1351A0031D2EF /* AppDelegate.swift */; };
		075F8DB820D1351A0031D2EF /* Main.storyboard in Resources */ = {isa = PBXBuildFile; fileRef = 075F8DB620D1351A0031D2EF /* Main.storyboard */; };
		075F8DBA20D1351C0031D2EF /* Assets.xcassets in Resources */ = {isa = PBXBuildFile; fileRef = 075F8DB920D1351C0031D2EF /* Assets.xcassets */; };
		075F8DBD20D1351C0031D2EF /* LaunchScreen.storyboard in Resources */ = {isa = PBXBuildFile; fileRef = 075F8DBB20D1351C0031D2EF /* LaunchScreen.storyboard */; };
		075F8DC820D1351C0031D2EF /* MSKanbanTests.swift in Sources */ = {isa = PBXBuildFile; fileRef = 075F8DC720D1351C0031D2EF /* MSKanbanTests.swift */; };
		075F8DD320D1351C0031D2EF /* MSKanbanUITests.swift in Sources */ = {isa = PBXBuildFile; fileRef = 075F8DD220D1351C0031D2EF /* MSKanbanUITests.swift */; };
		075F8DE120D135810031D2EF /* KanbanViewController.swift in Sources */ = {isa = PBXBuildFile; fileRef = 075F8DE020D135810031D2EF /* KanbanViewController.swift */; };
		075F8DE420D135E60031D2EF /* KanbanCell.swift in Sources */ = {isa = PBXBuildFile; fileRef = 075F8DE220D135E50031D2EF /* KanbanCell.swift */; };
		075F8DE520D135E60031D2EF /* KanbanCell.xib in Resources */ = {isa = PBXBuildFile; fileRef = 075F8DE320D135E50031D2EF /* KanbanCell.xib */; };
		075F8DE720D136200031D2EF /* extensions.swift in Sources */ = {isa = PBXBuildFile; fileRef = 075F8DE620D136200031D2EF /* extensions.swift */; };
		075F8DEC20D136720031D2EF /* UIScrollView+AtkDragAndDrop.m in Sources */ = {isa = PBXBuildFile; fileRef = 075F8DEB20D136720031D2EF /* UIScrollView+AtkDragAndDrop.m */; };
		075F8DEF20D1375B0031D2EF /* MSColor.swift in Sources */ = {isa = PBXBuildFile; fileRef = 075F8DEE20D1375B0031D2EF /* MSColor.swift */; };
		075F8DF120D137F50031D2EF /* MSFont.swift in Sources */ = {isa = PBXBuildFile; fileRef = 075F8DF020D137F50031D2EF /* MSFont.swift */; };
/* End PBXBuildFile section */

/* Begin PBXContainerItemProxy section */
		075F8DC420D1351C0031D2EF /* PBXContainerItemProxy */ = {
			isa = PBXContainerItemProxy;
			containerPortal = 075F8DA720D1351A0031D2EF /* Project object */;
			proxyType = 1;
			remoteGlobalIDString = 075F8DAE20D1351A0031D2EF;
			remoteInfo = MSKanban;
		};
		075F8DCF20D1351C0031D2EF /* PBXContainerItemProxy */ = {
			isa = PBXContainerItemProxy;
			containerPortal = 075F8DA720D1351A0031D2EF /* Project object */;
			proxyType = 1;
			remoteGlobalIDString = 075F8DAE20D1351A0031D2EF;
			remoteInfo = MSKanban;
		};
/* End PBXContainerItemProxy section */

/* Begin PBXFileReference section */
		075F8DAF20D1351A0031D2EF /* MSKanban.app */ = {isa = PBXFileReference; explicitFileType = wrapper.application; includeInIndex = 0; path = MSKanban.app; sourceTree = BUILT_PRODUCTS_DIR; };
		075F8DB220D1351A0031D2EF /* AppDelegate.swift */ = {isa = PBXFileReference; lastKnownFileType = sourcecode.swift; path = AppDelegate.swift; sourceTree = "<group>"; };
		075F8DB720D1351A0031D2EF /* Base */ = {isa = PBXFileReference; lastKnownFileType = file.storyboard; name = Base; path = Base.lproj/Main.storyboard; sourceTree = "<group>"; };
		075F8DB920D1351C0031D2EF /* Assets.xcassets */ = {isa = PBXFileReference; lastKnownFileType = folder.assetcatalog; path = Assets.xcassets; sourceTree = "<group>"; };
		075F8DBC20D1351C0031D2EF /* Base */ = {isa = PBXFileReference; lastKnownFileType = file.storyboard; name = Base; path = Base.lproj/LaunchScreen.storyboard; sourceTree = "<group>"; };
		075F8DBE20D1351C0031D2EF /* Info.plist */ = {isa = PBXFileReference; lastKnownFileType = text.plist.xml; path = Info.plist; sourceTree = "<group>"; };
		075F8DC320D1351C0031D2EF /* MSKanbanTests.xctest */ = {isa = PBXFileReference; explicitFileType = wrapper.cfbundle; includeInIndex = 0; path = MSKanbanTests.xctest; sourceTree = BUILT_PRODUCTS_DIR; };
		075F8DC720D1351C0031D2EF /* MSKanbanTests.swift */ = {isa = PBXFileReference; lastKnownFileType = sourcecode.swift; path = MSKanbanTests.swift; sourceTree = "<group>"; };
		075F8DC920D1351C0031D2EF /* Info.plist */ = {isa = PBXFileReference; lastKnownFileType = text.plist.xml; path = Info.plist; sourceTree = "<group>"; };
		075F8DCE20D1351C0031D2EF /* MSKanbanUITests.xctest */ = {isa = PBXFileReference; explicitFileType = wrapper.cfbundle; includeInIndex = 0; path = MSKanbanUITests.xctest; sourceTree = BUILT_PRODUCTS_DIR; };
		075F8DD220D1351C0031D2EF /* MSKanbanUITests.swift */ = {isa = PBXFileReference; lastKnownFileType = sourcecode.swift; path = MSKanbanUITests.swift; sourceTree = "<group>"; };
		075F8DD420D1351C0031D2EF /* Info.plist */ = {isa = PBXFileReference; lastKnownFileType = text.plist.xml; path = Info.plist; sourceTree = "<group>"; };
		075F8DE020D135810031D2EF /* KanbanViewController.swift */ = {isa = PBXFileReference; lastKnownFileType = sourcecode.swift; path = KanbanViewController.swift; sourceTree = "<group>"; };
		075F8DE220D135E50031D2EF /* KanbanCell.swift */ = {isa = PBXFileReference; fileEncoding = 4; lastKnownFileType = sourcecode.swift; path = KanbanCell.swift; sourceTree = "<group>"; };
		075F8DE320D135E50031D2EF /* KanbanCell.xib */ = {isa = PBXFileReference; fileEncoding = 4; lastKnownFileType = file.xib; path = KanbanCell.xib; sourceTree = "<group>"; };
		075F8DE620D136200031D2EF /* extensions.swift */ = {isa = PBXFileReference; fileEncoding = 4; lastKnownFileType = sourcecode.swift; path = extensions.swift; sourceTree = "<group>"; };
		075F8DE920D136710031D2EF /* MSKanban-Bridging-Header.h */ = {isa = PBXFileReference; lastKnownFileType = sourcecode.c.h; path = "MSKanban-Bridging-Header.h"; sourceTree = "<group>"; };
		075F8DEA20D136720031D2EF /* UIScrollView+AtkDragAndDrop.h */ = {isa = PBXFileReference; fileEncoding = 4; lastKnownFileType = sourcecode.c.h; path = "UIScrollView+AtkDragAndDrop.h"; sourceTree = "<group>"; };
		075F8DEB20D136720031D2EF /* UIScrollView+AtkDragAndDrop.m */ = {isa = PBXFileReference; fileEncoding = 4; lastKnownFileType = sourcecode.c.objc; path = "UIScrollView+AtkDragAndDrop.m"; sourceTree = "<group>"; };
		075F8DEE20D1375B0031D2EF /* MSColor.swift */ = {isa = PBXFileReference; lastKnownFileType = sourcecode.swift; path = MSColor.swift; sourceTree = "<group>"; };
		075F8DF020D137F50031D2EF /* MSFont.swift */ = {isa = PBXFileReference; lastKnownFileType = sourcecode.swift; path = MSFont.swift; sourceTree = "<group>"; };
/* End PBXFileReference section */

/* Begin PBXFrameworksBuildPhase section */
		075F8DAC20D1351A0031D2EF /* Frameworks */ = {
			isa = PBXFrameworksBuildPhase;
			buildActionMask = 2147483647;
			files = (
			);
			runOnlyForDeploymentPostprocessing = 0;
		};
		075F8DC020D1351C0031D2EF /* Frameworks */ = {
			isa = PBXFrameworksBuildPhase;
			buildActionMask = 2147483647;
			files = (
			);
			runOnlyForDeploymentPostprocessing = 0;
		};
		075F8DCB20D1351C0031D2EF /* Frameworks */ = {
			isa = PBXFrameworksBuildPhase;
			buildActionMask = 2147483647;
			files = (
			);
			runOnlyForDeploymentPostprocessing = 0;
		};
/* End PBXFrameworksBuildPhase section */

/* Begin PBXGroup section */
		075F8DA620D1351A0031D2EF = {
			isa = PBXGroup;
			children = (
				075F8DB120D1351A0031D2EF /* MSKanban */,
				075F8DC620D1351C0031D2EF /* MSKanbanTests */,
				075F8DD120D1351C0031D2EF /* MSKanbanUITests */,
				075F8DB020D1351A0031D2EF /* Products */,
			);
			sourceTree = "<group>";
		};
		075F8DB020D1351A0031D2EF /* Products */ = {
			isa = PBXGroup;
			children = (
				075F8DAF20D1351A0031D2EF /* MSKanban.app */,
				075F8DC320D1351C0031D2EF /* MSKanbanTests.xctest */,
				075F8DCE20D1351C0031D2EF /* MSKanbanUITests.xctest */,
			);
			name = Products;
			sourceTree = "<group>";
		};
		075F8DB120D1351A0031D2EF /* MSKanban */ = {
			isa = PBXGroup;
			children = (
				075F8DB220D1351A0031D2EF /* AppDelegate.swift */,
				075F8DE920D136710031D2EF /* MSKanban-Bridging-Header.h */,
				075F8DED20D137460031D2EF /* Helpers */,
				075F8DF220D27CA40031D2EF /* KanbanViewController */,
				075F8DB920D1351C0031D2EF /* Assets.xcassets */,
				075F8DBB20D1351C0031D2EF /* LaunchScreen.storyboard */,
				075F8DBE20D1351C0031D2EF /* Info.plist */,
			);
			path = MSKanban;
			sourceTree = "<group>";
		};
		075F8DC620D1351C0031D2EF /* MSKanbanTests */ = {
			isa = PBXGroup;
			children = (
				075F8DC720D1351C0031D2EF /* MSKanbanTests.swift */,
				075F8DC920D1351C0031D2EF /* Info.plist */,
			);
			path = MSKanbanTests;
			sourceTree = "<group>";
		};
		075F8DD120D1351C0031D2EF /* MSKanbanUITests */ = {
			isa = PBXGroup;
			children = (
				075F8DD220D1351C0031D2EF /* MSKanbanUITests.swift */,
				075F8DD420D1351C0031D2EF /* Info.plist */,
			);
			path = MSKanbanUITests;
			sourceTree = "<group>";
		};
		075F8DE820D136270031D2EF /* Assets */ = {
			isa = PBXGroup;
			children = (
				075F8DE220D135E50031D2EF /* KanbanCell.swift */,
				075F8DE320D135E50031D2EF /* KanbanCell.xib */,
			);
			path = Assets;
			sourceTree = "<group>";
		};
		075F8DED20D137460031D2EF /* Helpers */ = {
			isa = PBXGroup;
			children = (
				075F8DE620D136200031D2EF /* extensions.swift */,
				075F8DEE20D1375B0031D2EF /* MSColor.swift */,
				075F8DF020D137F50031D2EF /* MSFont.swift */,
				075F8DEA20D136720031D2EF /* UIScrollView+AtkDragAndDrop.h */,
				075F8DEB20D136720031D2EF /* UIScrollView+AtkDragAndDrop.m */,
			);
			path = Helpers;
			sourceTree = "<group>";
		};
		075F8DF220D27CA40031D2EF /* KanbanViewController */ = {
			isa = PBXGroup;
			children = (
				075F8DE820D136270031D2EF /* Assets */,
				075F8DE020D135810031D2EF /* KanbanViewController.swift */,
				075F8DB620D1351A0031D2EF /* Main.storyboard */,
			);
			path = KanbanViewController;
			sourceTree = "<group>";
		};
/* End PBXGroup section */

/* Begin PBXNativeTarget section */
		075F8DAE20D1351A0031D2EF /* MSKanban */ = {
			isa = PBXNativeTarget;
			buildConfigurationList = 075F8DD720D1351C0031D2EF /* Build configuration list for PBXNativeTarget "MSKanban" */;
			buildPhases = (
				075F8DAB20D1351A0031D2EF /* Sources */,
				075F8DAC20D1351A0031D2EF /* Frameworks */,
				075F8DAD20D1351A0031D2EF /* Resources */,
			);
			buildRules = (
			);
			dependencies = (
			);
			name = MSKanban;
			productName = MSKanban;
			productReference = 075F8DAF20D1351A0031D2EF /* MSKanban.app */;
			productType = "com.apple.product-type.application";
		};
		075F8DC220D1351C0031D2EF /* MSKanbanTests */ = {
			isa = PBXNativeTarget;
			buildConfigurationList = 075F8DDA20D1351C0031D2EF /* Build configuration list for PBXNativeTarget "MSKanbanTests" */;
			buildPhases = (
				075F8DBF20D1351C0031D2EF /* Sources */,
				075F8DC020D1351C0031D2EF /* Frameworks */,
				075F8DC120D1351C0031D2EF /* Resources */,
			);
			buildRules = (
			);
			dependencies = (
				075F8DC520D1351C0031D2EF /* PBXTargetDependency */,
			);
			name = MSKanbanTests;
			productName = MSKanbanTests;
			productReference = 075F8DC320D1351C0031D2EF /* MSKanbanTests.xctest */;
			productType = "com.apple.product-type.bundle.unit-test";
		};
		075F8DCD20D1351C0031D2EF /* MSKanbanUITests */ = {
			isa = PBXNativeTarget;
			buildConfigurationList = 075F8DDD20D1351C0031D2EF /* Build configuration list for PBXNativeTarget "MSKanbanUITests" */;
			buildPhases = (
				075F8DCA20D1351C0031D2EF /* Sources */,
				075F8DCB20D1351C0031D2EF /* Frameworks */,
				075F8DCC20D1351C0031D2EF /* Resources */,
			);
			buildRules = (
			);
			dependencies = (
				075F8DD020D1351C0031D2EF /* PBXTargetDependency */,
			);
			name = MSKanbanUITests;
			productName = MSKanbanUITests;
			productReference = 075F8DCE20D1351C0031D2EF /* MSKanbanUITests.xctest */;
			productType = "com.apple.product-type.bundle.ui-testing";
		};
/* End PBXNativeTarget section */

/* Begin PBXProject section */
		075F8DA720D1351A0031D2EF /* Project object */ = {
			isa = PBXProject;
			attributes = {
				LastSwiftUpdateCheck = 0930;
				LastUpgradeCheck = 0930;
				ORGANIZATIONNAME = "Matej Svrznjak s.p.";
				TargetAttributes = {
					075F8DAE20D1351A0031D2EF = {
						CreatedOnToolsVersion = 9.3;
						LastSwiftMigration = 0930;
					};
					075F8DC220D1351C0031D2EF = {
						CreatedOnToolsVersion = 9.3;
						TestTargetID = 075F8DAE20D1351A0031D2EF;
					};
					075F8DCD20D1351C0031D2EF = {
						CreatedOnToolsVersion = 9.3;
						TestTargetID = 075F8DAE20D1351A0031D2EF;
					};
				};
			};
			buildConfigurationList = 075F8DAA20D1351A0031D2EF /* Build configuration list for PBXProject "MSKanban" */;
			compatibilityVersion = "Xcode 9.3";
			developmentRegion = en;
			hasScannedForEncodings = 0;
			knownRegions = (
				en,
				Base,
			);
			mainGroup = 075F8DA620D1351A0031D2EF;
			productRefGroup = 075F8DB020D1351A0031D2EF /* Products */;
			projectDirPath = "";
			projectRoot = "";
			targets = (
				075F8DAE20D1351A0031D2EF /* MSKanban */,
				075F8DC220D1351C0031D2EF /* MSKanbanTests */,
				075F8DCD20D1351C0031D2EF /* MSKanbanUITests */,
			);
		};
/* End PBXProject section */

/* Begin PBXResourcesBuildPhase section */
		075F8DAD20D1351A0031D2EF /* Resources */ = {
			isa = PBXResourcesBuildPhase;
			buildActionMask = 2147483647;
			files = (
				075F8DBD20D1351C0031D2EF /* LaunchScreen.storyboard in Resources */,
				075F8DBA20D1351C0031D2EF /* Assets.xcassets in Resources */,
				075F8DE520D135E60031D2EF /* KanbanCell.xib in Resources */,
				075F8DB820D1351A0031D2EF /* Main.storyboard in Resources */,
			);
			runOnlyForDeploymentPostprocessing = 0;
		};
		075F8DC120D1351C0031D2EF /* Resources */ = {
			isa = PBXResourcesBuildPhase;
			buildActionMask = 2147483647;
			files = (
			);
			runOnlyForDeploymentPostprocessing = 0;
		};
		075F8DCC20D1351C0031D2EF /* Resources */ = {
			isa = PBXResourcesBuildPhase;
			buildActionMask = 2147483647;
			files = (
			);
			runOnlyForDeploymentPostprocessing = 0;
		};
/* End PBXResourcesBuildPhase section */

/* Begin PBXSourcesBuildPhase section */
		075F8DAB20D1351A0031D2EF /* Sources */ = {
			isa = PBXSourcesBuildPhase;
			buildActionMask = 2147483647;
			files = (
				075F8DE420D135E60031D2EF /* KanbanCell.swift in Sources */,
				075F8DF120D137F50031D2EF /* MSFont.swift in Sources */,
				075F8DEC20D136720031D2EF /* UIScrollView+AtkDragAndDrop.m in Sources */,
				075F8DE120D135810031D2EF /* KanbanViewController.swift in Sources */,
				075F8DEF20D1375B0031D2EF /* MSColor.swift in Sources */,
				075F8DB320D1351A0031D2EF /* AppDelegate.swift in Sources */,
				075F8DE720D136200031D2EF /* extensions.swift in Sources */,
			);
			runOnlyForDeploymentPostprocessing = 0;
		};
		075F8DBF20D1351C0031D2EF /* Sources */ = {
			isa = PBXSourcesBuildPhase;
			buildActionMask = 2147483647;
			files = (
				075F8DC820D1351C0031D2EF /* MSKanbanTests.swift in Sources */,
			);
			runOnlyForDeploymentPostprocessing = 0;
		};
		075F8DCA20D1351C0031D2EF /* Sources */ = {
			isa = PBXSourcesBuildPhase;
			buildActionMask = 2147483647;
			files = (
				075F8DD320D1351C0031D2EF /* MSKanbanUITests.swift in Sources */,
			);
			runOnlyForDeploymentPostprocessing = 0;
		};
/* End PBXSourcesBuildPhase section */

/* Begin PBXTargetDependency section */
		075F8DC520D1351C0031D2EF /* PBXTargetDependency */ = {
			isa = PBXTargetDependency;
			target = 075F8DAE20D1351A0031D2EF /* MSKanban */;
			targetProxy = 075F8DC420D1351C0031D2EF /* PBXContainerItemProxy */;
		};
		075F8DD020D1351C0031D2EF /* PBXTargetDependency */ = {
			isa = PBXTargetDependency;
			target = 075F8DAE20D1351A0031D2EF /* MSKanban */;
			targetProxy = 075F8DCF20D1351C0031D2EF /* PBXContainerItemProxy */;
		};
/* End PBXTargetDependency section */

/* Begin PBXVariantGroup section */
		075F8DB620D1351A0031D2EF /* Main.storyboard */ = {
			isa = PBXVariantGroup;
			children = (
				075F8DB720D1351A0031D2EF /* Base */,
			);
			name = Main.storyboard;
			sourceTree = "<group>";
		};
		075F8DBB20D1351C0031D2EF /* LaunchScreen.storyboard */ = {
			isa = PBXVariantGroup;
			children = (
				075F8DBC20D1351C0031D2EF /* Base */,
			);
			name = LaunchScreen.storyboard;
			sourceTree = "<group>";
		};
/* End PBXVariantGroup section */

/* Begin XCBuildConfiguration section */
		075F8DD520D1351C0031D2EF /* Debug */ = {
			isa = XCBuildConfiguration;
			buildSettings = {
				ALWAYS_SEARCH_USER_PATHS = NO;
				CLANG_ANALYZER_NONNULL = YES;
				CLANG_ANALYZER_NUMBER_OBJECT_CONVERSION = YES_AGGRESSIVE;
				CLANG_CXX_LANGUAGE_STANDARD = "gnu++14";
				CLANG_CXX_LIBRARY = "libc++";
				CLANG_ENABLE_MODULES = YES;
				CLANG_ENABLE_OBJC_ARC = YES;
				CLANG_ENABLE_OBJC_WEAK = YES;
				CLANG_WARN_BLOCK_CAPTURE_AUTORELEASING = YES;
				CLANG_WARN_BOOL_CONVERSION = YES;
				CLANG_WARN_COMMA = YES;
				CLANG_WARN_CONSTANT_CONVERSION = YES;
				CLANG_WARN_DEPRECATED_OBJC_IMPLEMENTATIONS = YES;
				CLANG_WARN_DIRECT_OBJC_ISA_USAGE = YES_ERROR;
				CLANG_WARN_DOCUMENTATION_COMMENTS = YES;
				CLANG_WARN_EMPTY_BODY = YES;
				CLANG_WARN_ENUM_CONVERSION = YES;
				CLANG_WARN_INFINITE_RECURSION = YES;
				CLANG_WARN_INT_CONVERSION = YES;
				CLANG_WARN_NON_LITERAL_NULL_CONVERSION = YES;
				CLANG_WARN_OBJC_IMPLICIT_RETAIN_SELF = YES;
				CLANG_WARN_OBJC_LITERAL_CONVERSION = YES;
				CLANG_WARN_OBJC_ROOT_CLASS = YES_ERROR;
				CLANG_WARN_RANGE_LOOP_ANALYSIS = YES;
				CLANG_WARN_STRICT_PROTOTYPES = YES;
				CLANG_WARN_SUSPICIOUS_MOVE = YES;
				CLANG_WARN_UNGUARDED_AVAILABILITY = YES_AGGRESSIVE;
				CLANG_WARN_UNREACHABLE_CODE = YES;
				CLANG_WARN__DUPLICATE_METHOD_MATCH = YES;
				CODE_SIGN_IDENTITY = "iPhone Developer";
				COPY_PHASE_STRIP = NO;
				DEBUG_INFORMATION_FORMAT = dwarf;
				ENABLE_STRICT_OBJC_MSGSEND = YES;
				ENABLE_TESTABILITY = YES;
				GCC_C_LANGUAGE_STANDARD = gnu11;
				GCC_DYNAMIC_NO_PIC = NO;
				GCC_NO_COMMON_BLOCKS = YES;
				GCC_OPTIMIZATION_LEVEL = 0;
				GCC_PREPROCESSOR_DEFINITIONS = (
					"DEBUG=1",
					"$(inherited)",
				);
				GCC_WARN_64_TO_32_BIT_CONVERSION = YES;
				GCC_WARN_ABOUT_RETURN_TYPE = YES_ERROR;
				GCC_WARN_UNDECLARED_SELECTOR = YES;
				GCC_WARN_UNINITIALIZED_AUTOS = YES_AGGRESSIVE;
				GCC_WARN_UNUSED_FUNCTION = YES;
				GCC_WARN_UNUSED_VARIABLE = YES;
				IPHONEOS_DEPLOYMENT_TARGET = 11.3;
				MTL_ENABLE_DEBUG_INFO = YES;
				ONLY_ACTIVE_ARCH = YES;
				SDKROOT = iphoneos;
				SWIFT_ACTIVE_COMPILATION_CONDITIONS = DEBUG;
				SWIFT_OPTIMIZATION_LEVEL = "-Onone";
			};
			name = Debug;
		};
		075F8DD620D1351C0031D2EF /* Release */ = {
			isa = XCBuildConfiguration;
			buildSettings = {
				ALWAYS_SEARCH_USER_PATHS = NO;
				CLANG_ANALYZER_NONNULL = YES;
				CLANG_ANALYZER_NUMBER_OBJECT_CONVERSION = YES_AGGRESSIVE;
				CLANG_CXX_LANGUAGE_STANDARD = "gnu++14";
				CLANG_CXX_LIBRARY = "libc++";
				CLANG_ENABLE_MODULES = YES;
				CLANG_ENABLE_OBJC_ARC = YES;
				CLANG_ENABLE_OBJC_WEAK = YES;
				CLANG_WARN_BLOCK_CAPTURE_AUTORELEASING = YES;
				CLANG_WARN_BOOL_CONVERSION = YES;
				CLANG_WARN_COMMA = YES;
				CLANG_WARN_CONSTANT_CONVERSION = YES;
				CLANG_WARN_DEPRECATED_OBJC_IMPLEMENTATIONS = YES;
				CLANG_WARN_DIRECT_OBJC_ISA_USAGE = YES_ERROR;
				CLANG_WARN_DOCUMENTATION_COMMENTS = YES;
				CLANG_WARN_EMPTY_BODY = YES;
				CLANG_WARN_ENUM_CONVERSION = YES;
				CLANG_WARN_INFINITE_RECURSION = YES;
				CLANG_WARN_INT_CONVERSION = YES;
				CLANG_WARN_NON_LITERAL_NULL_CONVERSION = YES;
				CLANG_WARN_OBJC_IMPLICIT_RETAIN_SELF = YES;
				CLANG_WARN_OBJC_LITERAL_CONVERSION = YES;
				CLANG_WARN_OBJC_ROOT_CLASS = YES_ERROR;
				CLANG_WARN_RANGE_LOOP_ANALYSIS = YES;
				CLANG_WARN_STRICT_PROTOTYPES = YES;
				CLANG_WARN_SUSPICIOUS_MOVE = YES;
				CLANG_WARN_UNGUARDED_AVAILABILITY = YES_AGGRESSIVE;
				CLANG_WARN_UNREACHABLE_CODE = YES;
				CLANG_WARN__DUPLICATE_METHOD_MATCH = YES;
				CODE_SIGN_IDENTITY = "iPhone Developer";
				COPY_PHASE_STRIP = NO;
				DEBUG_INFORMATION_FORMAT = "dwarf-with-dsym";
				ENABLE_NS_ASSERTIONS = NO;
				ENABLE_STRICT_OBJC_MSGSEND = YES;
				GCC_C_LANGUAGE_STANDARD = gnu11;
				GCC_NO_COMMON_BLOCKS = YES;
				GCC_WARN_64_TO_32_BIT_CONVERSION = YES;
				GCC_WARN_ABOUT_RETURN_TYPE = YES_ERROR;
				GCC_WARN_UNDECLARED_SELECTOR = YES;
				GCC_WARN_UNINITIALIZED_AUTOS = YES_AGGRESSIVE;
				GCC_WARN_UNUSED_FUNCTION = YES;
				GCC_WARN_UNUSED_VARIABLE = YES;
				IPHONEOS_DEPLOYMENT_TARGET = 11.3;
				MTL_ENABLE_DEBUG_INFO = NO;
				SDKROOT = iphoneos;
				SWIFT_COMPILATION_MODE = wholemodule;
				SWIFT_OPTIMIZATION_LEVEL = "-O";
				VALIDATE_PRODUCT = YES;
			};
			name = Release;
		};
		075F8DD820D1351C0031D2EF /* Debug */ = {
			isa = XCBuildConfiguration;
			buildSettings = {
				ASSETCATALOG_COMPILER_APPICON_NAME = AppIcon;
				CLANG_ENABLE_MODULES = YES;
				CODE_SIGN_STYLE = Automatic;
				DEVELOPMENT_TEAM = 8VTEA7HB89;
				INFOPLIST_FILE = MSKanban/Info.plist;
				LD_RUNPATH_SEARCH_PATHS = (
					"$(inherited)",
					"@executable_path/Frameworks",
				);
				PRODUCT_BUNDLE_IDENTIFIER = com.svrznjak.MSKanban;
				PRODUCT_NAME = "$(TARGET_NAME)";
				SWIFT_OBJC_BRIDGING_HEADER = "MSKanban/MSKanban-Bridging-Header.h";
				SWIFT_OPTIMIZATION_LEVEL = "-Onone";
				SWIFT_VERSION = 4.0;
				TARGETED_DEVICE_FAMILY = "1,2";
			};
			name = Debug;
		};
		075F8DD920D1351C0031D2EF /* Release */ = {
			isa = XCBuildConfiguration;
			buildSettings = {
				ASSETCATALOG_COMPILER_APPICON_NAME = AppIcon;
				CLANG_ENABLE_MODULES = YES;
				CODE_SIGN_STYLE = Automatic;
				DEVELOPMENT_TEAM = 8VTEA7HB89;
				INFOPLIST_FILE = MSKanban/Info.plist;
				LD_RUNPATH_SEARCH_PATHS = (
					"$(inherited)",
					"@executable_path/Frameworks",
				);
				PRODUCT_BUNDLE_IDENTIFIER = com.svrznjak.MSKanban;
				PRODUCT_NAME = "$(TARGET_NAME)";
				SWIFT_OBJC_BRIDGING_HEADER = "MSKanban/MSKanban-Bridging-Header.h";
				SWIFT_VERSION = 4.0;
				TARGETED_DEVICE_FAMILY = "1,2";
			};
			name = Release;
		};
		075F8DDB20D1351C0031D2EF /* Debug */ = {
			isa = XCBuildConfiguration;
			buildSettings = {
				ALWAYS_EMBED_SWIFT_STANDARD_LIBRARIES = YES;
				BUNDLE_LOADER = "$(TEST_HOST)";
				CODE_SIGN_STYLE = Automatic;
				DEVELOPMENT_TEAM = 8VTEA7HB89;
				INFOPLIST_FILE = MSKanbanTests/Info.plist;
				LD_RUNPATH_SEARCH_PATHS = (
					"$(inherited)",
					"@executable_path/Frameworks",
					"@loader_path/Frameworks",
				);
				PRODUCT_BUNDLE_IDENTIFIER = com.svrznjak.MSKanbanTests;
				PRODUCT_NAME = "$(TARGET_NAME)";
				SWIFT_VERSION = 4.0;
				TARGETED_DEVICE_FAMILY = "1,2";
				TEST_HOST = "$(BUILT_PRODUCTS_DIR)/MSKanban.app/MSKanban";
			};
			name = Debug;
		};
		075F8DDC20D1351C0031D2EF /* Release */ = {
			isa = XCBuildConfiguration;
			buildSettings = {
				ALWAYS_EMBED_SWIFT_STANDARD_LIBRARIES = YES;
				BUNDLE_LOADER = "$(TEST_HOST)";
				CODE_SIGN_STYLE = Automatic;
				DEVELOPMENT_TEAM = 8VTEA7HB89;
				INFOPLIST_FILE = MSKanbanTests/Info.plist;
				LD_RUNPATH_SEARCH_PATHS = (
					"$(inherited)",
					"@executable_path/Frameworks",
					"@loader_path/Frameworks",
				);
				PRODUCT_BUNDLE_IDENTIFIER = com.svrznjak.MSKanbanTests;
				PRODUCT_NAME = "$(TARGET_NAME)";
				SWIFT_VERSION = 4.0;
				TARGETED_DEVICE_FAMILY = "1,2";
				TEST_HOST = "$(BUILT_PRODUCTS_DIR)/MSKanban.app/MSKanban";
			};
			name = Release;
		};
		075F8DDE20D1351C0031D2EF /* Debug */ = {
			isa = XCBuildConfiguration;
			buildSettings = {
				ALWAYS_EMBED_SWIFT_STANDARD_LIBRARIES = YES;
				CODE_SIGN_STYLE = Automatic;
				DEVELOPMENT_TEAM = 8VTEA7HB89;
				INFOPLIST_FILE = MSKanbanUITests/Info.plist;
				LD_RUNPATH_SEARCH_PATHS = (
					"$(inherited)",
					"@executable_path/Frameworks",
					"@loader_path/Frameworks",
				);
				PRODUCT_BUNDLE_IDENTIFIER = com.svrznjak.MSKanbanUITests;
				PRODUCT_NAME = "$(TARGET_NAME)";
				SWIFT_VERSION = 4.0;
				TARGETED_DEVICE_FAMILY = "1,2";
				TEST_TARGET_NAME = MSKanban;
			};
			name = Debug;
		};
		075F8DDF20D1351C0031D2EF /* Release */ = {
			isa = XCBuildConfiguration;
			buildSettings = {
				ALWAYS_EMBED_SWIFT_STANDARD_LIBRARIES = YES;
				CODE_SIGN_STYLE = Automatic;
				DEVELOPMENT_TEAM = 8VTEA7HB89;
				INFOPLIST_FILE = MSKanbanUITests/Info.plist;
				LD_RUNPATH_SEARCH_PATHS = (
					"$(inherited)",
					"@executable_path/Frameworks",
					"@loader_path/Frameworks",
				);
				PRODUCT_BUNDLE_IDENTIFIER = com.svrznjak.MSKanbanUITests;
				PRODUCT_NAME = "$(TARGET_NAME)";
				SWIFT_VERSION = 4.0;
				TARGETED_DEVICE_FAMILY = "1,2";
				TEST_TARGET_NAME = MSKanban;
			};
			name = Release;
		};
/* End XCBuildConfiguration section */

/* Begin XCConfigurationList section */
		075F8DAA20D1351A0031D2EF /* Build configuration list for PBXProject "MSKanban" */ = {
			isa = XCConfigurationList;
			buildConfigurations = (
				075F8DD520D1351C0031D2EF /* Debug */,
				075F8DD620D1351C0031D2EF /* Release */,
			);
			defaultConfigurationIsVisible = 0;
			defaultConfigurationName = Release;
		};
		075F8DD720D1351C0031D2EF /* Build configuration list for PBXNativeTarget "MSKanban" */ = {
			isa = XCConfigurationList;
			buildConfigurations = (
				075F8DD820D1351C0031D2EF /* Debug */,
				075F8DD920D1351C0031D2EF /* Release */,
			);
			defaultConfigurationIsVisible = 0;
			defaultConfigurationName = Release;
		};
		075F8DDA20D1351C0031D2EF /* Build configuration list for PBXNativeTarget "MSKanbanTests" */ = {
			isa = XCConfigurationList;
			buildConfigurations = (
				075F8DDB20D1351C0031D2EF /* Debug */,
				075F8DDC20D1351C0031D2EF /* Release */,
			);
			defaultConfigurationIsVisible = 0;
			defaultConfigurationName = Release;
		};
		075F8DDD20D1351C0031D2EF /* Build configuration list for PBXNativeTarget "MSKanbanUITests" */ = {
			isa = XCConfigurationList;
			buildConfigurations = (
				075F8DDE20D1351C0031D2EF /* Debug */,
				075F8DDF20D1351C0031D2EF /* Release */,
			);
			defaultConfigurationIsVisible = 0;
			defaultConfigurationName = Release;
		};
/* End XCConfigurationList section */
	};
	rootObject = 075F8DA720D1351A0031D2EF /* Project object */;
}
